
Microsoft Visual Studio Solution File, Format Version 11.00
# Visual Studio 2010
Project("{FAE04EC0-301F-11D3-BF4B-00C04F79EFBC}") = "B2SServerSamplePluginCSharp", "B2SServerSamplePlugin\B2SServerSamplePluginCSharp.csproj", "{C5DA051D-D042-4DEE-9163-9A4BE27DA59F}"
EndProject
Project("{2150E333-8FDC-42A3-9474-1A3956D46DE8}") = "Solution Items", "Solution Items", "{A38A389D-7348-4163-AEE7-359A7A615043}"
	ProjectSection(SolutionItems) = preProject
		README.md = README.md
	EndProjectSection
EndProject
Project("{FAE04EC0-301F-11D3-BF4B-00C04F79EFBC}") = "Documentation", "Documentation\Documentation.csproj", "{28DF2F92-96A5-46F9-9859-EDB954DCB4F9}"
EndProject
Project("{F184B08F-C81C-45F6-A57F-5ABD9991F28F}") = "B2SServerSamplePluginVBNet", "B2SServerSamplePluginVBNet\B2SServerSamplePluginVBNet.vbproj", "{42BC6C54-098C-4B8F-AD4A-4733B5DD5C57}"
EndProject
Project("{2150E333-8FDC-42A3-9474-1A3956D46DE8}") = "DoxygenConfig", "DoxygenConfig", "{B1ACDF7E-3DA6-44EE-BDA2-AF4F43669A5D}"
	ProjectSection(SolutionItems) = preProject
		DoxygenConfig\DoxygenConfigFile = DoxygenConfig\DoxygenConfigFile
		DoxygenConfig\footer.html = DoxygenConfig\footer.html
		DoxygenConfig\header.html = DoxygenConfig\header.html
		DoxygenConfig\style.css = DoxygenConfig\style.css
	EndProjectSection
EndProject
Global
	GlobalSection(SolutionConfigurationPlatforms) = preSolution
		Debug|Any CPU = Debug|Any CPU
		Debug|Mixed Platforms = Debug|Mixed Platforms
		Debug|x86 = Debug|x86
		Release|Any CPU = Release|Any CPU
		Release|Mixed Platforms = Release|Mixed Platforms
		Release|x86 = Release|x86
	EndGlobalSection
	GlobalSection(ProjectConfigurationPlatforms) = postSolution
		{C5DA051D-D042-4DEE-9163-9A4BE27DA59F}.Debug|Any CPU.ActiveCfg = Debug|Any CPU
		{C5DA051D-D042-4DEE-9163-9A4BE27DA59F}.Debug|Any CPU.Build.0 = Debug|Any CPU
		{C5DA051D-D042-4DEE-9163-9A4BE27DA59F}.Debug|Mixed Platforms.ActiveCfg = Debug|Any CPU
		{C5DA051D-D042-4DEE-9163-9A4BE27DA59F}.Debug|Mixed Platforms.Build.0 = Debug|Any CPU
		{C5DA051D-D042-4DEE-9163-9A4BE27DA59F}.Debug|x86.ActiveCfg = Debug|Any CPU
		{C5DA051D-D042-4DEE-9163-9A4BE27DA59F}.Release|Any CPU.ActiveCfg = Release|Any CPU
		{C5DA051D-D042-4DEE-9163-9A4BE27DA59F}.Release|Any CPU.Build.0 = Release|Any CPU
		{C5DA051D-D042-4DEE-9163-9A4BE27DA59F}.Release|Mixed Platforms.ActiveCfg = Release|Any CPU
		{C5DA051D-D042-4DEE-9163-9A4BE27DA59F}.Release|Mixed Platforms.Build.0 = Release|Any CPU
		{C5DA051D-D042-4DEE-9163-9A4BE27DA59F}.Release|x86.ActiveCfg = Release|Any CPU
		{28DF2F92-96A5-46F9-9859-EDB954DCB4F9}.Debug|Any CPU.ActiveCfg = Debug|x86
		{28DF2F92-96A5-46F9-9859-EDB954DCB4F9}.Debug|Mixed Platforms.ActiveCfg = Debug|x86
		{28DF2F92-96A5-46F9-9859-EDB954DCB4F9}.Debug|Mixed Platforms.Build.0 = Debug|x86
		{28DF2F92-96A5-46F9-9859-EDB954DCB4F9}.Debug|x86.ActiveCfg = Debug|x86
		{28DF2F92-96A5-46F9-9859-EDB954DCB4F9}.Debug|x86.Build.0 = Debug|x86
		{28DF2F92-96A5-46F9-9859-EDB954DCB4F9}.Release|Any CPU.ActiveCfg = Release|x86
		{28DF2F92-96A5-46F9-9859-EDB954DCB4F9}.Release|Mixed Platforms.ActiveCfg = Release|x86
		{28DF2F92-96A5-46F9-9859-EDB954DCB4F9}.Release|Mixed Platforms.Build.0 = Release|x86
		{28DF2F92-96A5-46F9-9859-EDB954DCB4F9}.Release|x86.ActiveCfg = Release|x86
		{28DF2F92-96A5-46F9-9859-EDB954DCB4F9}.Release|x86.Build.0 = Release|x86
		{42BC6C54-098C-4B8F-AD4A-4733B5DD5C57}.Debug|Any CPU.ActiveCfg = Debug|Any CPU
		{42BC6C54-098C-4B8F-AD4A-4733B5DD5C57}.Debug|Any CPU.Build.0 = Debug|Any CPU
		{42BC6C54-098C-4B8F-AD4A-4733B5DD5C57}.Debug|Mixed Platforms.ActiveCfg = Debug|Any CPU
		{42BC6C54-098C-4B8F-AD4A-4733B5DD5C57}.Debug|Mixed Platforms.Build.0 = Debug|Any CPU
		{42BC6C54-098C-4B8F-AD4A-4733B5DD5C57}.Debug|x86.ActiveCfg = Debug|Any CPU
		{42BC6C54-098C-4B8F-AD4A-4733B5DD5C57}.Release|Any CPU.ActiveCfg = Release|Any CPU
		{42BC6C54-098C-4B8F-AD4A-4733B5DD5C57}.Release|Any CPU.Build.0 = Release|Any CPU
		{42BC6C54-098C-4B8F-AD4A-4733B5DD5C57}.Release|Mixed Platforms.ActiveCfg = Release|Any CPU
		{42BC6C54-098C-4B8F-AD4A-4733B5DD5C57}.Release|Mixed Platforms.Build.0 = Release|Any CPU
		{42BC6C54-098C-4B8F-AD4A-4733B5DD5C57}.Release|x86.ActiveCfg = Release|Any CPU
	EndGlobalSection
	GlobalSection(SolutionProperties) = preSolution
		HideSolutionNode = FALSE
	EndGlobalSection
	GlobalSection(NestedProjects) = preSolution
		{B1ACDF7E-3DA6-44EE-BDA2-AF4F43669A5D} = {A38A389D-7348-4163-AEE7-359A7A615043}
	EndGlobalSection
EndGlobal
